github.com/0187773933/ADBWrapper v0.0.0-20210805060446-06b4b320d0a9 h1:UXYwVBy9lh/M+wiqIPzWLZ4A9O6L1DvUPDeH1lRvsXU=
github.com/0187773933/ADBWrapper v0.0.0-20210805060446-06b4b320d0a9/go.mod h1:b1bn7qszBXWTrA6FBXUdoyVkhkfEyTzyjTppWOIzcN8=
github.com/hybridgroup/mjpeg v0.0.0-20140228234708-4680f319790e/go.mod h1:eagM805MRKrioHYuU7iKLUyFPVKqVV6um5DAvCkUtXs=
github.com/manucorporat/try v0.0.0-20170609134256-2a0c6b941d52 h1:oDTPtoe4cjcJZyFBdQeM9fIYr3r9OChbE52ZlPBm0R0=
github.com/manucorporat/try v0.0.0-20170609134256-2a0c6b941d52/go.mod h1:PYmsnmY2H7ohIZ3KsT7XGM7C5cmr+yKJ9MBBQd5p6AU=
github.com/pascaldekloe/goe v0.1.0/go.mod h1:lzWF7FIEvWOWxwDKqyGYQf6ZUaNfKdP144TG7ZOy1lc=
gocv.io/x/gocv v0.28.0 h1:hweRS9Js60YEZPZzjhU5I+0E2ngazquLlO78zwnrFvY=
gocv.io/x/gocv v0.28.0/go.mod h1:oc6FvfYqfBp99p+yOEzs9tbYF9gOrAQSeL/dyIPefJU=
